
Microsoft Visual Studio Solution File, Format Version 12.00
# Visual Studio Version 17
VisualStudioVersion = 17.3.32819.101
MinimumVisualStudioVersion = 10.0.40219.1
Project("{FAE04EC0-301F-11D3-BF4B-00C04F79EFBC}") = "grpcServer", "grpcServer\grpcServer.csproj", "{DCB9F902-9D13-470B-91C8-43A3FB1F86ED}"
EndProject
Project("{FAE04EC0-301F-11D3-BF4B-00C04F79EFBC}") = "grpcClient", "grpcClient\grpcClient.csproj", "{AB4E542D-1E58-4042-BF88-18C24F33A3B0}"
EndProject
Global
	GlobalSection(SolutionConfigurationPlatforms) = preSolution
		Debug|Any CPU = Debug|Any CPU
		Release|Any CPU = Release|Any CPU
	EndGlobalSection
	GlobalSection(ProjectConfigurationPlatforms) = postSolution
		{DCB9F902-9D13-470B-91C8-43A3FB1F86ED}.Debug|Any CPU.ActiveCfg = Debug|Any CPU
		{DCB9F902-9D13-470B-91C8-43A3FB1F86ED}.Debug|Any CPU.Build.0 = Debug|Any CPU
		{DCB9F902-9D13-470B-91C8-43A3FB1F86ED}.Release|Any CPU.ActiveCfg = Release|Any CPU
		{DCB9F902-9D13-470B-91C8-43A3FB1F86ED}.Release|Any CPU.Build.0 = Release|Any CPU
		{AB4E542D-1E58-4042-BF88-18C24F33A3B0}.Debug|Any CPU.ActiveCfg = Debug|Any CPU
		{AB4E542D-1E58-4042-BF88-18C24F33A3B0}.Debug|Any CPU.Build.0 = Debug|Any CPU
		{AB4E542D-1E58-4042-BF88-18C24F33A3B0}.Release|Any CPU.ActiveCfg = Release|Any CPU
		{AB4E542D-1E58-4042-BF88-18C24F33A3B0}.Release|Any CPU.Build.0 = Release|Any CPU
	EndGlobalSection
	GlobalSection(SolutionProperties) = preSolution
		HideSolutionNode = FALSE
	EndGlobalSection
	GlobalSection(ExtensibilityGlobals) = postSolution
		SolutionGuid = {D448347D-6F54-4A62-84C4-18C3179EAEB9}
	EndGlobalSection
EndGlobal
